// !$*UTF8*$!
{
	archiveVersion = 1;
	classes = {
	};
	objectVersion = 48;
	objects = {

/* Begin PBXBuildFile section */
		27D05F9E20D4E156001D8D59 /* AppDelegate.swift in Sources */ = {isa = PBXBuildFile; fileRef = 27D05F9D20D4E156001D8D59 /* AppDelegate.swift */; };
		27D05FA020D4E156001D8D59 /* ViewController.swift in Sources */ = {isa = PBXBuildFile; fileRef = 27D05F9F20D4E156001D8D59 /* ViewController.swift */; };
		27D05FA320D4E157001D8D59 /* Main.storyboard in Resources */ = {isa = PBXBuildFile; fileRef = 27D05FA120D4E157001D8D59 /* Main.storyboard */; };
		27D05FA520D4E157001D8D59 /* Assets.xcassets in Resources */ = {isa = PBXBuildFile; fileRef = 27D05FA420D4E157001D8D59 /* Assets.xcassets */; };
		27D05FA820D4E157001D8D59 /* LaunchScreen.storyboard in Resources */ = {isa = PBXBuildFile; fileRef = 27D05FA620D4E157001D8D59 /* LaunchScreen.storyboard */; };
		27D05FAD20D4E157001D8D59 /* Location WatchKit App.app in Embed Watch Content */ = {isa = PBXBuildFile; fileRef = 27D05FAC20D4E157001D8D59 /* Location WatchKit App.app */; };
		27D05FB320D4E157001D8D59 /* Interface.storyboard in Resources */ = {isa = PBXBuildFile; fileRef = 27D05FB120D4E157001D8D59 /* Interface.storyboard */; };
		27D05FB520D4E157001D8D59 /* Assets.xcassets in Resources */ = {isa = PBXBuildFile; fileRef = 27D05FB420D4E157001D8D59 /* Assets.xcassets */; };
		27D05FBC20D4E157001D8D59 /* Location WatchKit Extension.appex in Embed App Extensions */ = {isa = PBXBuildFile; fileRef = 27D05FBB20D4E157001D8D59 /* Location WatchKit Extension.appex */; settings = {ATTRIBUTES = (RemoveHeadersOnCopy, ); }; };
		27D05FC120D4E157001D8D59 /* InterfaceController.swift in Sources */ = {isa = PBXBuildFile; fileRef = 27D05FC020D4E157001D8D59 /* InterfaceController.swift */; };
		27D05FC320D4E157001D8D59 /* ExtensionDelegate.swift in Sources */ = {isa = PBXBuildFile; fileRef = 27D05FC220D4E157001D8D59 /* ExtensionDelegate.swift */; };
		27D05FC520D4E157001D8D59 /* NotificationController.swift in Sources */ = {isa = PBXBuildFile; fileRef = 27D05FC420D4E157001D8D59 /* NotificationController.swift */; };
		27D05FC720D4E157001D8D59 /* Assets.xcassets in Resources */ = {isa = PBXBuildFile; fileRef = 27D05FC620D4E157001D8D59 /* Assets.xcassets */; };
		27D05FD920D4F380001D8D59 /* CoreLocation.framework in Frameworks */ = {isa = PBXBuildFile; fileRef = 27D05FD820D4F380001D8D59 /* CoreLocation.framework */; };
/* End PBXBuildFile section */

/* Begin PBXContainerItemProxy section */
		27D05FAE20D4E157001D8D59 /* PBXContainerItemProxy */ = {
			isa = PBXContainerItemProxy;
			containerPortal = 27D05F9220D4E156001D8D59 /* Project object */;
			proxyType = 1;
			remoteGlobalIDString = 27D05FAB20D4E157001D8D59;
			remoteInfo = "Location WatchKit App";
		};
		27D05FBD20D4E157001D8D59 /* PBXContainerItemProxy */ = {
			isa = PBXContainerItemProxy;
			containerPortal = 27D05F9220D4E156001D8D59 /* Project object */;
			proxyType = 1;
			remoteGlobalIDString = 27D05FBA20D4E157001D8D59;
			remoteInfo = "Location WatchKit Extension";
		};
/* End PBXContainerItemProxy section */

/* Begin PBXCopyFilesBuildPhase section */
		27D05FCF20D4E157001D8D59 /* Embed App Extensions */ = {
			isa = PBXCopyFilesBuildPhase;
			buildActionMask = 2147483647;
			dstPath = "";
			dstSubfolderSpec = 13;
			files = (
				27D05FBC20D4E157001D8D59 /* Location WatchKit Extension.appex in Embed App Extensions */,
			);
			name = "Embed App Extensions";
			runOnlyForDeploymentPostprocessing = 0;
		};
		27D05FD320D4E157001D8D59 /* Embed Watch Content */ = {
			isa = PBXCopyFilesBuildPhase;
			buildActionMask = 2147483647;
			dstPath = "$(CONTENTS_FOLDER_PATH)/Watch";
			dstSubfolderSpec = 16;
			files = (
				27D05FAD20D4E157001D8D59 /* Location WatchKit App.app in Embed Watch Content */,
			);
			name = "Embed Watch Content";
			runOnlyForDeploymentPostprocessing = 0;
		};
/* End PBXCopyFilesBuildPhase section */

/* Begin PBXFileReference section */
		27D05F9A20D4E156001D8D59 /* Location.app */ = {isa = PBXFileReference; explicitFileType = wrapper.application; includeInIndex = 0; path = Location.app; sourceTree = BUILT_PRODUCTS_DIR; };
		27D05F9D20D4E156001D8D59 /* AppDelegate.swift */ = {isa = PBXFileReference; lastKnownFileType = sourcecode.swift; path = AppDelegate.swift; sourceTree = "<group>"; };
		27D05F9F20D4E156001D8D59 /* ViewController.swift */ = {isa = PBXFileReference; lastKnownFileType = sourcecode.swift; path = ViewController.swift; sourceTree = "<group>"; };
		27D05FA220D4E157001D8D59 /* Base */ = {isa = PBXFileReference; lastKnownFileType = file.storyboard; name = Base; path = Base.lproj/Main.storyboard; sourceTree = "<group>"; };
		27D05FA420D4E157001D8D59 /* Assets.xcassets */ = {isa = PBXFileReference; lastKnownFileType = folder.assetcatalog; path = Assets.xcassets; sourceTree = "<group>"; };
		27D05FA720D4E157001D8D59 /* Base */ = {isa = PBXFileReference; lastKnownFileType = file.storyboard; name = Base; path = Base.lproj/LaunchScreen.storyboard; sourceTree = "<group>"; };
		27D05FA920D4E157001D8D59 /* Info.plist */ = {isa = PBXFileReference; lastKnownFileType = text.plist.xml; path = Info.plist; sourceTree = "<group>"; };
		27D05FAC20D4E157001D8D59 /* Location WatchKit App.app */ = {isa = PBXFileReference; explicitFileType = wrapper.application; includeInIndex = 0; path = "Location WatchKit App.app"; sourceTree = BUILT_PRODUCTS_DIR; };
		27D05FB220D4E157001D8D59 /* Base */ = {isa = PBXFileReference; lastKnownFileType = file.storyboard; name = Base; path = Base.lproj/Interface.storyboard; sourceTree = "<group>"; };
		27D05FB420D4E157001D8D59 /* Assets.xcassets */ = {isa = PBXFileReference; lastKnownFileType = folder.assetcatalog; path = Assets.xcassets; sourceTree = "<group>"; };
		27D05FB620D4E157001D8D59 /* Info.plist */ = {isa = PBXFileReference; lastKnownFileType = text.plist.xml; path = Info.plist; sourceTree = "<group>"; };
		27D05FBB20D4E157001D8D59 /* Location WatchKit Extension.appex */ = {isa = PBXFileReference; explicitFileType = "wrapper.app-extension"; includeInIndex = 0; path = "Location WatchKit Extension.appex"; sourceTree = BUILT_PRODUCTS_DIR; };
		27D05FC020D4E157001D8D59 /* InterfaceController.swift */ = {isa = PBXFileReference; lastKnownFileType = sourcecode.swift; path = InterfaceController.swift; sourceTree = "<group>"; };
		27D05FC220D4E157001D8D59 /* ExtensionDelegate.swift */ = {isa = PBXFileReference; lastKnownFileType = sourcecode.swift; path = ExtensionDelegate.swift; sourceTree = "<group>"; };
		27D05FC420D4E157001D8D59 /* NotificationController.swift */ = {isa = PBXFileReference; lastKnownFileType = sourcecode.swift; path = NotificationController.swift; sourceTree = "<group>"; };
		27D05FC620D4E157001D8D59 /* Assets.xcassets */ = {isa = PBXFileReference; lastKnownFileType = folder.assetcatalog; path = Assets.xcassets; sourceTree = "<group>"; };
		27D05FC820D4E157001D8D59 /* Info.plist */ = {isa = PBXFileReference; lastKnownFileType = text.plist.xml; path = Info.plist; sourceTree = "<group>"; };
		27D05FC920D4E157001D8D59 /* PushNotificationPayload.apns */ = {isa = PBXFileReference; lastKnownFileType = text; path = PushNotificationPayload.apns; sourceTree = "<group>"; };
		27D05FD820D4F380001D8D59 /* CoreLocation.framework */ = {isa = PBXFileReference; lastKnownFileType = wrapper.framework; name = CoreLocation.framework; path = System/Library/Frameworks/CoreLocation.framework; sourceTree = SDKROOT; };
/* End PBXFileReference section */

/* Begin PBXFrameworksBuildPhase section */
		27D05F9720D4E156001D8D59 /* Frameworks */ = {
			isa = PBXFrameworksBuildPhase;
			buildActionMask = 2147483647;
			files = (
				27D05FD920D4F380001D8D59 /* CoreLocation.framework in Frameworks */,
			);
			runOnlyForDeploymentPostprocessing = 0;
		};
		27D05FB820D4E157001D8D59 /* Frameworks */ = {
			isa = PBXFrameworksBuildPhase;
			buildActionMask = 2147483647;
			files = (
			);
			runOnlyForDeploymentPostprocessing = 0;
		};
/* End PBXFrameworksBuildPhase section */

/* Begin PBXGroup section */
		27D05F9120D4E156001D8D59 = {
			isa = PBXGroup;
			children = (
				27D05F9C20D4E156001D8D59 /* Location */,
				27D05FB020D4E157001D8D59 /* Location WatchKit App */,
				27D05FBF20D4E157001D8D59 /* Location WatchKit Extension */,
				27D05F9B20D4E156001D8D59 /* Products */,
				27D05FD720D4F37F001D8D59 /* Frameworks */,
			);
			sourceTree = "<group>";
		};
		27D05F9B20D4E156001D8D59 /* Products */ = {
			isa = PBXGroup;
			children = (
				27D05F9A20D4E156001D8D59 /* Location.app */,
				27D05FAC20D4E157001D8D59 /* Location WatchKit App.app */,
				27D05FBB20D4E157001D8D59 /* Location WatchKit Extension.appex */,
			);
			name = Products;
			sourceTree = "<group>";
		};
		27D05F9C20D4E156001D8D59 /* Location */ = {
			isa = PBXGroup;
			children = (
				27D05F9D20D4E156001D8D59 /* AppDelegate.swift */,
				27D05F9F20D4E156001D8D59 /* ViewController.swift */,
				27D05FA120D4E157001D8D59 /* Main.storyboard */,
				27D05FA420D4E157001D8D59 /* Assets.xcassets */,
				27D05FA620D4E157001D8D59 /* LaunchScreen.storyboard */,
				27D05FA920D4E157001D8D59 /* Info.plist */,
			);
			path = Location;
			sourceTree = "<group>";
		};
		27D05FB020D4E157001D8D59 /* Location WatchKit App */ = {
			isa = PBXGroup;
			children = (
				27D05FB120D4E157001D8D59 /* Interface.storyboard */,
				27D05FB420D4E157001D8D59 /* Assets.xcassets */,
				27D05FB620D4E157001D8D59 /* Info.plist */,
			);
			path = "Location WatchKit App";
			sourceTree = "<group>";
		};
		27D05FBF20D4E157001D8D59 /* Location WatchKit Extension */ = {
			isa = PBXGroup;
			children = (
				27D05FC020D4E157001D8D59 /* InterfaceController.swift */,
				27D05FC220D4E157001D8D59 /* ExtensionDelegate.swift */,
				27D05FC420D4E157001D8D59 /* NotificationController.swift */,
				27D05FC620D4E157001D8D59 /* Assets.xcassets */,
				27D05FC820D4E157001D8D59 /* Info.plist */,
				27D05FC920D4E157001D8D59 /* PushNotificationPayload.apns */,
			);
			path = "Location WatchKit Extension";
			sourceTree = "<group>";
		};
		27D05FD720D4F37F001D8D59 /* Frameworks */ = {
			isa = PBXGroup;
			children = (
				27D05FD820D4F380001D8D59 /* CoreLocation.framework */,
			);
			name = Frameworks;
			sourceTree = "<group>";
		};
/* End PBXGroup section */

/* Begin PBXNativeTarget section */
		27D05F9920D4E156001D8D59 /* Location */ = {
			isa = PBXNativeTarget;
			buildConfigurationList = 27D05FD420D4E157001D8D59 /* Build configuration list for PBXNativeTarget "Location" */;
			buildPhases = (
				27D05F9620D4E156001D8D59 /* Sources */,
				27D05F9720D4E156001D8D59 /* Frameworks */,
				27D05F9820D4E156001D8D59 /* Resources */,
				27D05FD320D4E157001D8D59 /* Embed Watch Content */,
			);
			buildRules = (
			);
			dependencies = (
				27D05FAF20D4E157001D8D59 /* PBXTargetDependency */,
			);
			name = Location;
			productName = Location;
			productReference = 27D05F9A20D4E156001D8D59 /* Location.app */;
			productType = "com.apple.product-type.application";
		};
		27D05FAB20D4E157001D8D59 /* Location WatchKit App */ = {
			isa = PBXNativeTarget;
			buildConfigurationList = 27D05FD020D4E157001D8D59 /* Build configuration list for PBXNativeTarget "Location WatchKit App" */;
			buildPhases = (
				27D05FAA20D4E157001D8D59 /* Resources */,
				27D05FCF20D4E157001D8D59 /* Embed App Extensions */,
			);
			buildRules = (
			);
			dependencies = (
				27D05FBE20D4E157001D8D59 /* PBXTargetDependency */,
			);
			name = "Location WatchKit App";
			productName = "Location WatchKit App";
			productReference = 27D05FAC20D4E157001D8D59 /* Location WatchKit App.app */;
			productType = "com.apple.product-type.application.watchapp2";
		};
		27D05FBA20D4E157001D8D59 /* Location WatchKit Extension */ = {
			isa = PBXNativeTarget;
			buildConfigurationList = 27D05FCC20D4E157001D8D59 /* Build configuration list for PBXNativeTarget "Location WatchKit Extension" */;
			buildPhases = (
				27D05FB720D4E157001D8D59 /* Sources */,
				27D05FB820D4E157001D8D59 /* Frameworks */,
				27D05FB920D4E157001D8D59 /* Resources */,
			);
			buildRules = (
			);
			dependencies = (
			);
			name = "Location WatchKit Extension";
			productName = "Location WatchKit Extension";
			productReference = 27D05FBB20D4E157001D8D59 /* Location WatchKit Extension.appex */;
			productType = "com.apple.product-type.watchkit2-extension";
		};
/* End PBXNativeTarget section */

/* Begin PBXProject section */
		27D05F9220D4E156001D8D59 /* Project object */ = {
			isa = PBXProject;
			attributes = {
				LastSwiftUpdateCheck = 0900;
				LastUpgradeCheck = 0900;
				ORGANIZATIONNAME = Retisense;
				TargetAttributes = {
					27D05F9920D4E156001D8D59 = {
						CreatedOnToolsVersion = 9.0;
						ProvisioningStyle = Automatic;
					};
					27D05FAB20D4E157001D8D59 = {
						CreatedOnToolsVersion = 9.0;
						ProvisioningStyle = Automatic;
					};
					27D05FBA20D4E157001D8D59 = {
						CreatedOnToolsVersion = 9.0;
						ProvisioningStyle = Automatic;
					};
				};
			};
			buildConfigurationList = 27D05F9520D4E156001D8D59 /* Build configuration list for PBXProject "Location" */;
			compatibilityVersion = "Xcode 8.0";
			developmentRegion = en;
			hasScannedForEncodings = 0;
			knownRegions = (
				en,
				Base,
			);
			mainGroup = 27D05F9120D4E156001D8D59;
			productRefGroup = 27D05F9B20D4E156001D8D59 /* Products */;
			projectDirPath = "";
			projectRoot = "";
			targets = (
				27D05F9920D4E156001D8D59 /* Location */,
				27D05FAB20D4E157001D8D59 /* Location WatchKit App */,
				27D05FBA20D4E157001D8D59 /* Location WatchKit Extension */,
			);
		};
/* End PBXProject section */

/* Begin PBXResourcesBuildPhase section */
		27D05F9820D4E156001D8D59 /* Resources */ = {
			isa = PBXResourcesBuildPhase;
			buildActionMask = 2147483647;
			files = (
				27D05FA820D4E157001D8D59 /* LaunchScreen.storyboard in Resources */,
				27D05FA520D4E157001D8D59 /* Assets.xcassets in Resources */,
				27D05FA320D4E157001D8D59 /* Main.storyboard in Resources */,
			);
			runOnlyForDeploymentPostprocessing = 0;
		};
		27D05FAA20D4E157001D8D59 /* Resources */ = {
			isa = PBXResourcesBuildPhase;
			buildActionMask = 2147483647;
			files = (
				27D05FB520D4E157001D8D59 /* Assets.xcassets in Resources */,
				27D05FB320D4E157001D8D59 /* Interface.storyboard in Resources */,
			);
			runOnlyForDeploymentPostprocessing = 0;
		};
		27D05FB920D4E157001D8D59 /* Resources */ = {
			isa = PBXResourcesBuildPhase;
			buildActionMask = 2147483647;
			files = (
				27D05FC720D4E157001D8D59 /* Assets.xcassets in Resources */,
			);
			runOnlyForDeploymentPostprocessing = 0;
		};
/* End PBXResourcesBuildPhase section */

/* Begin PBXSourcesBuildPhase section */
		27D05F9620D4E156001D8D59 /* Sources */ = {
			isa = PBXSourcesBuildPhase;
			buildActionMask = 2147483647;
			files = (
				27D05FA020D4E156001D8D59 /* ViewController.swift in Sources */,
				27D05F9E20D4E156001D8D59 /* AppDelegate.swift in Sources */,
			);
			runOnlyForDeploymentPostprocessing = 0;
		};
		27D05FB720D4E157001D8D59 /* Sources */ = {
			isa = PBXSourcesBuildPhase;
			buildActionMask = 2147483647;
			files = (
				27D05FC520D4E157001D8D59 /* NotificationController.swift in Sources */,
				27D05FC320D4E157001D8D59 /* ExtensionDelegate.swift in Sources */,
				27D05FC120D4E157001D8D59 /* InterfaceController.swift in Sources */,
			);
			runOnlyForDeploymentPostprocessing = 0;
		};
/* End PBXSourcesBuildPhase section */

/* Begin PBXTargetDependency section */
		27D05FAF20D4E157001D8D59 /* PBXTargetDependency */ = {
			isa = PBXTargetDependency;
			target = 27D05FAB20D4E157001D8D59 /* Location WatchKit App */;
			targetProxy = 27D05FAE20D4E157001D8D59 /* PBXContainerItemProxy */;
		};
		27D05FBE20D4E157001D8D59 /* PBXTargetDependency */ = {
			isa = PBXTargetDependency;
			target = 27D05FBA20D4E157001D8D59 /* Location WatchKit Extension */;
			targetProxy = 27D05FBD20D4E157001D8D59 /* PBXContainerItemProxy */;
		};
/* End PBXTargetDependency section */

/* Begin PBXVariantGroup section */
		27D05FA120D4E157001D8D59 /* Main.storyboard */ = {
			isa = PBXVariantGroup;
			children = (
				27D05FA220D4E157001D8D59 /* Base */,
			);
			name = Main.storyboard;
			sourceTree = "<group>";
		};
		27D05FA620D4E157001D8D59 /* LaunchScreen.storyboard */ = {
			isa = PBXVariantGroup;
			children = (
				27D05FA720D4E157001D8D59 /* Base */,
			);
			name = LaunchScreen.storyboard;
			sourceTree = "<group>";
		};
		27D05FB120D4E157001D8D59 /* Interface.storyboard */ = {
			isa = PBXVariantGroup;
			children = (
				27D05FB220D4E157001D8D59 /* Base */,
			);
			name = Interface.storyboard;
			sourceTree = "<group>";
		};
/* End PBXVariantGroup section */

/* Begin XCBuildConfiguration section */
		27D05FCA20D4E157001D8D59 /* Debug */ = {
			isa = XCBuildConfiguration;
			buildSettings = {
				ALWAYS_SEARCH_USER_PATHS = NO;
				CLANG_ANALYZER_NONNULL = YES;
				CLANG_ANALYZER_NUMBER_OBJECT_CONVERSION = YES_AGGRESSIVE;
				CLANG_CXX_LANGUAGE_STANDARD = "gnu++14";
				CLANG_CXX_LIBRARY = "libc++";
				CLANG_ENABLE_MODULES = YES;
				CLANG_ENABLE_OBJC_ARC = YES;
				CLANG_WARN_BLOCK_CAPTURE_AUTORELEASING = YES;
				CLANG_WARN_BOOL_CONVERSION = YES;
				CLANG_WARN_COMMA = YES;
				CLANG_WARN_CONSTANT_CONVERSION = YES;
				CLANG_WARN_DIRECT_OBJC_ISA_USAGE = YES_ERROR;
				CLANG_WARN_DOCUMENTATION_COMMENTS = YES;
				CLANG_WARN_EMPTY_BODY = YES;
				CLANG_WARN_ENUM_CONVERSION = YES;
				CLANG_WARN_INFINITE_RECURSION = YES;
				CLANG_WARN_INT_CONVERSION = YES;
				CLANG_WARN_NON_LITERAL_NULL_CONVERSION = YES;
				CLANG_WARN_OBJC_LITERAL_CONVERSION = YES;
				CLANG_WARN_OBJC_ROOT_CLASS = YES_ERROR;
				CLANG_WARN_RANGE_LOOP_ANALYSIS = YES;
				CLANG_WARN_STRICT_PROTOTYPES = YES;
				CLANG_WARN_SUSPICIOUS_MOVE = YES;
				CLANG_WARN_UNGUARDED_AVAILABILITY = YES_AGGRESSIVE;
				CLANG_WARN_UNREACHABLE_CODE = YES;
				CLANG_WARN__DUPLICATE_METHOD_MATCH = YES;
				CODE_SIGN_IDENTITY = "iPhone Developer";
				COPY_PHASE_STRIP = NO;
				DEBUG_INFORMATION_FORMAT = dwarf;
				ENABLE_STRICT_OBJC_MSGSEND = YES;
				ENABLE_TESTABILITY = YES;
				GCC_C_LANGUAGE_STANDARD = gnu11;
				GCC_DYNAMIC_NO_PIC = NO;
				GCC_NO_COMMON_BLOCKS = YES;
				GCC_OPTIMIZATION_LEVEL = 0;
				GCC_PREPROCESSOR_DEFINITIONS = (
					"DEBUG=1",
					"$(inherited)",
				);
				GCC_WARN_64_TO_32_BIT_CONVERSION = YES;
				GCC_WARN_ABOUT_RETURN_TYPE = YES_ERROR;
				GCC_WARN_UNDECLARED_SELECTOR = YES;
				GCC_WARN_UNINITIALIZED_AUTOS = YES_AGGRESSIVE;
				GCC_WARN_UNUSED_FUNCTION = YES;
				GCC_WARN_UNUSED_VARIABLE = YES;
				IPHONEOS_DEPLOYMENT_TARGET = 11.0;
				MTL_ENABLE_DEBUG_INFO = YES;
				ONLY_ACTIVE_ARCH = YES;
				SDKROOT = iphoneos;
				SWIFT_ACTIVE_COMPILATION_CONDITIONS = DEBUG;
				SWIFT_OPTIMIZATION_LEVEL = "-Onone";
			};
			name = Debug;
		};
		27D05FCB20D4E157001D8D59 /* Release */ = {
			isa = XCBuildConfiguration;
			buildSettings = {
				ALWAYS_SEARCH_USER_PATHS = NO;
				CLANG_ANALYZER_NONNULL = YES;
				CLANG_ANALYZER_NUMBER_OBJECT_CONVERSION = YES_AGGRESSIVE;
				CLANG_CXX_LANGUAGE_STANDARD = "gnu++14";
				CLANG_CXX_LIBRARY = "libc++";
				CLANG_ENABLE_MODULES = YES;
				CLANG_ENABLE_OBJC_ARC = YES;
				CLANG_WARN_BLOCK_CAPTURE_AUTORELEASING = YES;
				CLANG_WARN_BOOL_CONVERSION = YES;
				CLANG_WARN_COMMA = YES;
				CLANG_WARN_CONSTANT_CONVERSION = YES;
				CLANG_WARN_DIRECT_OBJC_ISA_USAGE = YES_ERROR;
				CLANG_WARN_DOCUMENTATION_COMMENTS = YES;
				CLANG_WARN_EMPTY_BODY = YES;
				CLANG_WARN_ENUM_CONVERSION = YES;
				CLANG_WARN_INFINITE_RECURSION = YES;
				CLANG_WARN_INT_CONVERSION = YES;
				CLANG_WARN_NON_LITERAL_NULL_CONVERSION = YES;
				CLANG_WARN_OBJC_LITERAL_CONVERSION = YES;
				CLANG_WARN_OBJC_ROOT_CLASS = YES_ERROR;
				CLANG_WARN_RANGE_LOOP_ANALYSIS = YES;
				CLANG_WARN_STRICT_PROTOTYPES = YES;
				CLANG_WARN_SUSPICIOUS_MOVE = YES;
				CLANG_WARN_UNGUARDED_AVAILABILITY = YES_AGGRESSIVE;
				CLANG_WARN_UNREACHABLE_CODE = YES;
				CLANG_WARN__DUPLICATE_METHOD_MATCH = YES;
				CODE_SIGN_IDENTITY = "iPhone Developer";
				COPY_PHASE_STRIP = NO;
				DEBUG_INFORMATION_FORMAT = "dwarf-with-dsym";
				ENABLE_NS_ASSERTIONS = NO;
				ENABLE_STRICT_OBJC_MSGSEND = YES;
				GCC_C_LANGUAGE_STANDARD = gnu11;
				GCC_NO_COMMON_BLOCKS = YES;
				GCC_WARN_64_TO_32_BIT_CONVERSION = YES;
				GCC_WARN_ABOUT_RETURN_TYPE = YES_ERROR;
				GCC_WARN_UNDECLARED_SELECTOR = YES;
				GCC_WARN_UNINITIALIZED_AUTOS = YES_AGGRESSIVE;
				GCC_WARN_UNUSED_FUNCTION = YES;
				GCC_WARN_UNUSED_VARIABLE = YES;
				IPHONEOS_DEPLOYMENT_TARGET = 11.0;
				MTL_ENABLE_DEBUG_INFO = NO;
				SDKROOT = iphoneos;
				SWIFT_OPTIMIZATION_LEVEL = "-Owholemodule";
				VALIDATE_PRODUCT = YES;
			};
			name = Release;
		};
		27D05FCD20D4E157001D8D59 /* Debug */ = {
			isa = XCBuildConfiguration;
			buildSettings = {
				ASSETCATALOG_COMPILER_COMPLICATION_NAME = Complication;
				CODE_SIGN_STYLE = Automatic;
				DEVELOPMENT_TEAM = G6C8E2NY25;
				INFOPLIST_FILE = "Location WatchKit Extension/Info.plist";
				LD_RUNPATH_SEARCH_PATHS = "$(inherited) @executable_path/Frameworks @executable_path/../../Frameworks";
				PRODUCT_BUNDLE_IDENTIFIER = com.retisense.Location.watchkitapp.watchkitextension;
				PRODUCT_NAME = "${TARGET_NAME}";
				SDKROOT = watchos;
				SKIP_INSTALL = YES;
				SWIFT_VERSION = 4.0;
				TARGETED_DEVICE_FAMILY = 4;
				WATCHOS_DEPLOYMENT_TARGET = 4.0;
			};
			name = Debug;
		};
		27D05FCE20D4E157001D8D59 /* Release */ = {
			isa = XCBuildConfiguration;
			buildSettings = {
				ASSETCATALOG_COMPILER_COMPLICATION_NAME = Complication;
				CODE_SIGN_STYLE = Automatic;
				DEVELOPMENT_TEAM = G6C8E2NY25;
				INFOPLIST_FILE = "Location WatchKit Extension/Info.plist";
				LD_RUNPATH_SEARCH_PATHS = "$(inherited) @executable_path/Frameworks @executable_path/../../Frameworks";
				PRODUCT_BUNDLE_IDENTIFIER = com.retisense.Location.watchkitapp.watchkitextension;
				PRODUCT_NAME = "${TARGET_NAME}";
				SDKROOT = watchos;
				SKIP_INSTALL = YES;
				SWIFT_VERSION = 4.0;
				TARGETED_DEVICE_FAMILY = 4;
				WATCHOS_DEPLOYMENT_TARGET = 4.0;
			};
			name = Release;
		};
		27D05FD120D4E157001D8D59 /* Debug */ = {
			isa = XCBuildConfiguration;
			buildSettings = {
				ALWAYS_EMBED_SWIFT_STANDARD_LIBRARIES = YES;
				ASSETCATALOG_COMPILER_APPICON_NAME = AppIcon;
				CODE_SIGN_STYLE = Automatic;
				DEVELOPMENT_TEAM = G6C8E2NY25;
				IBSC_MODULE = Location_WatchKit_Extension;
				INFOPLIST_FILE = "Location WatchKit App/Info.plist";
				PRODUCT_BUNDLE_IDENTIFIER = com.retisense.Location.watchkitapp;
				PRODUCT_NAME = "$(TARGET_NAME)";
				SDKROOT = watchos;
				SKIP_INSTALL = YES;
				SWIFT_VERSION = 4.0;
				TARGETED_DEVICE_FAMILY = 4;
				WATCHOS_DEPLOYMENT_TARGET = 4.0;
			};
			name = Debug;
		};
		27D05FD220D4E157001D8D59 /* Release */ = {
			isa = XCBuildConfiguration;
			buildSettings = {
				ALWAYS_EMBED_SWIFT_STANDARD_LIBRARIES = YES;
				ASSETCATALOG_COMPILER_APPICON_NAME = AppIcon;
				CODE_SIGN_STYLE = Automatic;
				DEVELOPMENT_TEAM = G6C8E2NY25;
				IBSC_MODULE = Location_WatchKit_Extension;
				INFOPLIST_FILE = "Location WatchKit App/Info.plist";
				PRODUCT_BUNDLE_IDENTIFIER = com.retisense.Location.watchkitapp;
				PRODUCT_NAME = "$(TARGET_NAME)";
				SDKROOT = watchos;
				SKIP_INSTALL = YES;
				SWIFT_VERSION = 4.0;
				TARGETED_DEVICE_FAMILY = 4;
				WATCHOS_DEPLOYMENT_TARGET = 4.0;
			};
			name = Release;
		};
		27D05FD520D4E157001D8D59 /* Debug */ = {
			isa = XCBuildConfiguration;
			buildSettings = {
				ASSETCATALOG_COMPILER_APPICON_NAME = AppIcon;
				CODE_SIGN_STYLE = Automatic;
				DEVELOPMENT_TEAM = G6C8E2NY25;
				INFOPLIST_FILE = Location/Info.plist;
				IPHONEOS_DEPLOYMENT_TARGET = 10.0;
				LD_RUNPATH_SEARCH_PATHS = "$(inherited) @executable_path/Frameworks";
				PRODUCT_BUNDLE_IDENTIFIER = com.retisense.Location;
				PRODUCT_NAME = "$(TARGET_NAME)";
				SWIFT_VERSION = 4.0;
				TARGETED_DEVICE_FAMILY = "1,2";
			};
			name = Debug;
		};
		27D05FD620D4E157001D8D59 /* Release */ = {
			isa = XCBuildConfiguration;
			buildSettings = {
				ASSETCATALOG_COMPILER_APPICON_NAME = AppIcon;
				CODE_SIGN_STYLE = Automatic;
				DEVELOPMENT_TEAM = G6C8E2NY25;
				INFOPLIST_FILE = Location/Info.plist;
				IPHONEOS_DEPLOYMENT_TARGET = 10.0;
				LD_RUNPATH_SEARCH_PATHS = "$(inherited) @executable_path/Frameworks";
				PRODUCT_BUNDLE_IDENTIFIER = com.retisense.Location;
				PRODUCT_NAME = "$(TARGET_NAME)";
				SWIFT_VERSION = 4.0;
				TARGETED_DEVICE_FAMILY = "1,2";
			};
			name = Release;
		};
/* End XCBuildConfiguration section */

/* Begin XCConfigurationList section */
		27D05F9520D4E156001D8D59 /* Build configuration list for PBXProject "Location" */ = {
			isa = XCConfigurationList;
			buildConfigurations = (
				27D05FCA20D4E157001D8D59 /* Debug */,
				27D05FCB20D4E157001D8D59 /* Release */,
			);
			defaultConfigurationIsVisible = 0;
			defaultConfigurationName = Release;
		};
		27D05FCC20D4E157001D8D59 /* Build configuration list for PBXNativeTarget "Location WatchKit Extension" */ = {
			isa = XCConfigurationList;
			buildConfigurations = (
				27D05FCD20D4E157001D8D59 /* Debug */,
				27D05FCE20D4E157001D8D59 /* Release */,
			);
			defaultConfigurationIsVisible = 0;
			defaultConfigurationName = Release;
		};
		27D05FD020D4E157001D8D59 /* Build configuration list for PBXNativeTarget "Location WatchKit App" */ = {
			isa = XCConfigurationList;
			buildConfigurations = (
				27D05FD120D4E157001D8D59 /* Debug */,
				27D05FD220D4E157001D8D59 /* Release */,
			);
			defaultConfigurationIsVisible = 0;
			defaultConfigurationName = Release;
		};
		27D05FD420D4E157001D8D59 /* Build configuration list for PBXNativeTarget "Location" */ = {
			isa = XCConfigurationList;
			buildConfigurations = (
				27D05FD520D4E157001D8D59 /* Debug */,
				27D05FD620D4E157001D8D59 /* Release */,
			);
			defaultConfigurationIsVisible = 0;
			defaultConfigurationName = Release;
		};
/* End XCConfigurationList section */
	};
	rootObject = 27D05F9220D4E156001D8D59 /* Project object */;
}
